
Microsoft Visual Studio Solution File, Format Version 12.00
Project("{FAE04EC0-301F-11D3-BF4B-00C04F79EFBC}") = "DataShaper", "DataShaper\DataShaper.csproj", "{3B2C3AF0-4A1F-489E-BF55-9796E6C43F30}"
EndProject
Project("{FAE04EC0-301F-11D3-BF4B-00C04F79EFBC}") = "DataShaper.Pagination", "DataShaper.Pagination\DataShaper.Pagination.csproj", "{20F0409A-3ED2-48C4-8AE7-293FFE952D32}"
EndProject
Global
	GlobalSection(SolutionConfigurationPlatforms) = preSolution
		Debug|Any CPU = Debug|Any CPU
		Release|Any CPU = Release|Any CPU
	EndGlobalSection
	GlobalSection(ProjectConfigurationPlatforms) = postSolution
		{3B2C3AF0-4A1F-489E-BF55-9796E6C43F30}.Debug|Any CPU.ActiveCfg = Debug|Any CPU
		{3B2C3AF0-4A1F-489E-BF55-9796E6C43F30}.Debug|Any CPU.Build.0 = Debug|Any CPU
		{3B2C3AF0-4A1F-489E-BF55-9796E6C43F30}.Release|Any CPU.ActiveCfg = Release|Any CPU
		{3B2C3AF0-4A1F-489E-BF55-9796E6C43F30}.Release|Any CPU.Build.0 = Release|Any CPU
		{20F0409A-3ED2-48C4-8AE7-293FFE952D32}.Debug|Any CPU.ActiveCfg = Debug|Any CPU
		{20F0409A-3ED2-48C4-8AE7-293FFE952D32}.Debug|Any CPU.Build.0 = Debug|Any CPU
		{20F0409A-3ED2-48C4-8AE7-293FFE952D32}.Release|Any CPU.ActiveCfg = Release|Any CPU
		{20F0409A-3ED2-48C4-8AE7-293FFE952D32}.Release|Any CPU.Build.0 = Release|Any CPU
	EndGlobalSection
EndGlobal
